
Microsoft Visual Studio Solution File, Format Version 12.00
# Visual Studio Version 16
VisualStudioVersion = 16.6.30114.105
MinimumVisualStudioVersion = 10.0.40219.1
Project("{FAE04EC0-301F-11D3-BF4B-00C04F79EFBC}") = "API", "API\API.csproj", "{D903FE59-3A60-4340-A9D9-12B4B03289D9}"
EndProject
Project("{FAE04EC0-301F-11D3-BF4B-00C04F79EFBC}") = "Application", "Application\Application.csproj", "{3355978C-34D2-4B13-9EF4-F4B8E50DD02B}"
EndProject
Project("{FAE04EC0-301F-11D3-BF4B-00C04F79EFBC}") = "Domain", "Domain\Domain.csproj", "{C92AD8E3-B92E-4010-86D3-7FBD36B70260}"
EndProject
Project("{FAE04EC0-301F-11D3-BF4B-00C04F79EFBC}") = "Persistence", "Persistence\Persistence.csproj", "{8B973CB6-EB29-4303-99B4-878C87E96F7B}"
EndProject
Global
	GlobalSection(SolutionConfigurationPlatforms) = preSolution
		Debug|Any CPU = Debug|Any CPU
		Debug|x64 = Debug|x64
		Debug|x86 = Debug|x86
		Release|Any CPU = Release|Any CPU
		Release|x64 = Release|x64
		Release|x86 = Release|x86
	EndGlobalSection
	GlobalSection(SolutionProperties) = preSolution
		HideSolutionNode = FALSE
	EndGlobalSection
	GlobalSection(ProjectConfigurationPlatforms) = postSolution
		{D903FE59-3A60-4340-A9D9-12B4B03289D9}.Debug|Any CPU.ActiveCfg = Debug|Any CPU
		{D903FE59-3A60-4340-A9D9-12B4B03289D9}.Debug|Any CPU.Build.0 = Debug|Any CPU
		{D903FE59-3A60-4340-A9D9-12B4B03289D9}.Debug|x64.ActiveCfg = Debug|Any CPU
		{D903FE59-3A60-4340-A9D9-12B4B03289D9}.Debug|x64.Build.0 = Debug|Any CPU
		{D903FE59-3A60-4340-A9D9-12B4B03289D9}.Debug|x86.ActiveCfg = Debug|Any CPU
		{D903FE59-3A60-4340-A9D9-12B4B03289D9}.Debug|x86.Build.0 = Debug|Any CPU
		{D903FE59-3A60-4340-A9D9-12B4B03289D9}.Release|Any CPU.ActiveCfg = Release|Any CPU
		{D903FE59-3A60-4340-A9D9-12B4B03289D9}.Release|Any CPU.Build.0 = Release|Any CPU
		{D903FE59-3A60-4340-A9D9-12B4B03289D9}.Release|x64.ActiveCfg = Release|Any CPU
		{D903FE59-3A60-4340-A9D9-12B4B03289D9}.Release|x64.Build.0 = Release|Any CPU
		{D903FE59-3A60-4340-A9D9-12B4B03289D9}.Release|x86.ActiveCfg = Release|Any CPU
		{D903FE59-3A60-4340-A9D9-12B4B03289D9}.Release|x86.Build.0 = Release|Any CPU
		{3355978C-34D2-4B13-9EF4-F4B8E50DD02B}.Debug|Any CPU.ActiveCfg = Debug|Any CPU
		{3355978C-34D2-4B13-9EF4-F4B8E50DD02B}.Debug|Any CPU.Build.0 = Debug|Any CPU
		{3355978C-34D2-4B13-9EF4-F4B8E50DD02B}.Debug|x64.ActiveCfg = Debug|Any CPU
		{3355978C-34D2-4B13-9EF4-F4B8E50DD02B}.Debug|x64.Build.0 = Debug|Any CPU
		{3355978C-34D2-4B13-9EF4-F4B8E50DD02B}.Debug|x86.ActiveCfg = Debug|Any CPU
		{3355978C-34D2-4B13-9EF4-F4B8E50DD02B}.Debug|x86.Build.0 = Debug|Any CPU
		{3355978C-34D2-4B13-9EF4-F4B8E50DD02B}.Release|Any CPU.ActiveCfg = Release|Any CPU
		{3355978C-34D2-4B13-9EF4-F4B8E50DD02B}.Release|Any CPU.Build.0 = Release|Any CPU
		{3355978C-34D2-4B13-9EF4-F4B8E50DD02B}.Release|x64.ActiveCfg = Release|Any CPU
		{3355978C-34D2-4B13-9EF4-F4B8E50DD02B}.Release|x64.Build.0 = Release|Any CPU
		{3355978C-34D2-4B13-9EF4-F4B8E50DD02B}.Release|x86.ActiveCfg = Release|Any CPU
		{3355978C-34D2-4B13-9EF4-F4B8E50DD02B}.Release|x86.Build.0 = Release|Any CPU
		{C92AD8E3-B92E-4010-86D3-7FBD36B70260}.Debug|Any CPU.ActiveCfg = Debug|Any CPU
		{C92AD8E3-B92E-4010-86D3-7FBD36B70260}.Debug|Any CPU.Build.0 = Debug|Any CPU
		{C92AD8E3-B92E-4010-86D3-7FBD36B70260}.Debug|x64.ActiveCfg = Debug|Any CPU
		{C92AD8E3-B92E-4010-86D3-7FBD36B70260}.Debug|x64.Build.0 = Debug|Any CPU
		{C92AD8E3-B92E-4010-86D3-7FBD36B70260}.Debug|x86.ActiveCfg = Debug|Any CPU
		{C92AD8E3-B92E-4010-86D3-7FBD36B70260}.Debug|x86.Build.0 = Debug|Any CPU
		{C92AD8E3-B92E-4010-86D3-7FBD36B70260}.Release|Any CPU.ActiveCfg = Release|Any CPU
		{C92AD8E3-B92E-4010-86D3-7FBD36B70260}.Release|Any CPU.Build.0 = Release|Any CPU
		{C92AD8E3-B92E-4010-86D3-7FBD36B70260}.Release|x64.ActiveCfg = Release|Any CPU
		{C92AD8E3-B92E-4010-86D3-7FBD36B70260}.Release|x64.Build.0 = Release|Any CPU
		{C92AD8E3-B92E-4010-86D3-7FBD36B70260}.Release|x86.ActiveCfg = Release|Any CPU
		{C92AD8E3-B92E-4010-86D3-7FBD36B70260}.Release|x86.Build.0 = Release|Any CPU
		{8B973CB6-EB29-4303-99B4-878C87E96F7B}.Debug|Any CPU.ActiveCfg = Debug|Any CPU
		{8B973CB6-EB29-4303-99B4-878C87E96F7B}.Debug|Any CPU.Build.0 = Debug|Any CPU
		{8B973CB6-EB29-4303-99B4-878C87E96F7B}.Debug|x64.ActiveCfg = Debug|Any CPU
		{8B973CB6-EB29-4303-99B4-878C87E96F7B}.Debug|x64.Build.0 = Debug|Any CPU
		{8B973CB6-EB29-4303-99B4-878C87E96F7B}.Debug|x86.ActiveCfg = Debug|Any CPU
		{8B973CB6-EB29-4303-99B4-878C87E96F7B}.Debug|x86.Build.0 = Debug|Any CPU
		{8B973CB6-EB29-4303-99B4-878C87E96F7B}.Release|Any CPU.ActiveCfg = Release|Any CPU
		{8B973CB6-EB29-4303-99B4-878C87E96F7B}.Release|Any CPU.Build.0 = Release|Any CPU
		{8B973CB6-EB29-4303-99B4-878C87E96F7B}.Release|x64.ActiveCfg = Release|Any CPU
		{8B973CB6-EB29-4303-99B4-878C87E96F7B}.Release|x64.Build.0 = Release|Any CPU
		{8B973CB6-EB29-4303-99B4-878C87E96F7B}.Release|x86.ActiveCfg = Release|Any CPU
		{8B973CB6-EB29-4303-99B4-878C87E96F7B}.Release|x86.Build.0 = Release|Any CPU
	EndGlobalSection
EndGlobal
